
Microsoft Visual Studio Solution File, Format Version 12.00
# Visual Studio Version 16
VisualStudioVersion = 16.0.33027.164
MinimumVisualStudioVersion = 10.0.40219.1
Project("{FAE04EC0-301F-11D3-BF4B-00C04F79EFBC}") = "exercise1,task1", "exercise1,task1.csproj", "{658D8E8E-AF99-463D-906E-B8C1585D6776}"
EndProject
Global
	GlobalSection(SolutionConfigurationPlatforms) = preSolution
		Debug|Any CPU = Debug|Any CPU
		Release|Any CPU = Release|Any CPU
	EndGlobalSection
	GlobalSection(ProjectConfigurationPlatforms) = postSolution
		{658D8E8E-AF99-463D-906E-B8C1585D6776}.Debug|Any CPU.ActiveCfg = Debug|Any CPU
		{658D8E8E-AF99-463D-906E-B8C1585D6776}.Debug|Any CPU.Build.0 = Debug|Any CPU
		{658D8E8E-AF99-463D-906E-B8C1585D6776}.Release|Any CPU.ActiveCfg = Release|Any CPU
		{658D8E8E-AF99-463D-906E-B8C1585D6776}.Release|Any CPU.Build.0 = Release|Any CPU
	EndGlobalSection
	GlobalSection(SolutionProperties) = preSolution
		HideSolutionNode = FALSE
	EndGlobalSection
	GlobalSection(ExtensibilityGlobals) = postSolution
		SolutionGuid = {297F0EF6-C4BF-4224-B499-A4D195452631}
	EndGlobalSection
EndGlobal
